id: dslwp_fft_estimator_cc
label: FFT Estimator CC
category: '[DSLWP]'

templates:
  imports: from gnuradio import dslwp
  make: dslwp.fft_estimator_cc(${fft_size}, ${threshold}, ${tap_len})

parameters:
-   id: fft_size
    label: FFT Size
    dtype: int
    hide: ${ 'part' if fft_size == 1 else 'none' }
-   id: threshold
    label: Threshold
    dtype: float
-   id: tap_len
    label: Tap Length
    dtype: int

inputs:
-   domain: stream
    dtype: complex
    vlen: ${ fft_size }
    multiplicity: '2'

outputs:
-   domain: stream
    dtype: complex


#  'file_format' specifies the version of the GRC yml format used in the file
#  and should usually not be changed.
file_format: 1
