# auto-generated by grc.converter

id: dslwp_steam_to_vector_moving_window_cc
label: Steam to Vector Moving Window CC
category: '[DSLWP]'

parameters:
-   id: vlen
    label: Vec Length
    dtype: int
    hide: ${ 'part' if vlen == 1 else 'none' }

inputs:
-   domain: stream
    dtype: complex

outputs:
-   domain: stream
    dtype: complex
    vlen: ${ vlen }

templates:
    imports: import dslwp
    make: dslwp.steam_to_vector_moving_window_cc(${vlen})

file_format: 1
