id: dslwp_vector_padding_cc
label: Vector Padding CC
category: '[DSLWP]'

templates:
  imports: from gnuradio import dslwp
  make: dslwp.vector_padding_cc(${padding}, ${position}, ${vlen_in}, ${vlen_out})


parameters:
-   id: padding
    label: Padding
    dtype: complex
    default: '0'
-   id: position
    label: Position
    dtype: enum
    options: ['0', '1']
    option_labels: [End, Begin]
-   id: vlen_in
    label: Vec Length (in)
    dtype: int
    default: '512'
    hide: ${ 'part' if vlen_in == 1 else 'none' }
-   id: vlen_out
    label: Vec Length (out)
    dtype: int
    default: '1024'
    hide: ${ 'part' if vlen_in == 1 else 'none' }

inputs:
-   domain: stream
    dtype: complex
    vlen: ${ vlen_in }

outputs:
-   domain: stream
    dtype: complex
    vlen: ${ vlen_out }

#  'file_format' specifies the version of the GRC yml format used in the file
#  and should usually not be changed.
file_format: 1
