# auto-generated by grc.converter

id: dslwp_oqpsk_coherent_demod_cc
label: OQPSK Coherent Demod CC
category: '[DSLWP]'

parameters:
-   id: samples_per_symbol
    label: Samples per Symbol
    dtype: int
    default: '16'
-   id: taps
    label: Taps
    dtype: complex_vector
-   id: opt_point
    label: Opt. Point
    dtype: int
    default: '12'
-   id: pll
    label: PLL
    dtype: enum
    default: '1'
    options: ['1', '0']
    option_labels: ['ON', 'OFF']
-   id: pll_loop_bw
    label: PLL Loop BW
    dtype: float
    default: '0.05'
-   id: pll_damping
    label: PLL Damping
    dtype: float
    default: '0.707'
-   id: freq_max
    label: Freq. Max.
    dtype: float
    default: '3.14'
-   id: freq_min
    label: Freq. Min.
    dtype: float
    default: '-3.14'
-   id: dttl
    label: DTTL
    dtype: enum
    default: '0'
    options: ['1', '0']
    option_labels: ['ON', 'OFF']
-   id: dttl_loop_bw
    label: DTLL Loop BW
    dtype: float
    default: '0.05'
-   id: dttl_damping
    label: DTTL Damping
    dtype: float
    default: '0.707'
-   id: max_rate_deviation
    label: Max. Rate Deviation
    dtype: float
    default: '1.5'
-   id: asm_ignore
    label: ASM ignore (symbols)
    dtype: int
    default: '0'

inputs:
-   domain: stream
    dtype: complex

outputs:
-   domain: stream
    dtype: complex

templates:
    imports: import dslwp
    make: dslwp.oqpsk_coherent_demod_cc(${samples_per_symbol}, ${taps}, ${opt_point},
        ${pll}, ${pll_loop_bw}, ${pll_damping}, ${freq_max}, ${freq_min}, ${dttl},
        ${dttl_loop_bw}, ${dttl_damping}, ${max_rate_deviation}, ${asm_ignore})

file_format: 1
