# auto-generated by grc.converter

id: dslwp_frame_spliter_c
label: Frame Spliter C
category: '[DSLWP]'

parameters:
-   id: key
    label: Key
    dtype: string
    default: payload_start
-   id: frame_length
    label: Frame Length
    dtype: int
    default: '3576'

inputs:
-   domain: stream
    dtype: complex

outputs:
-   domain: message
    id: out

templates:
    imports: import dslwp
    make: dslwp.frame_spliter_c(${key}, ${frame_length})

file_format: 1
