# auto-generated by grc.converter

id: dslwp_kiss_encode_pdu
label: KISS Encode PDU
category: '[DSLWP]'

parameters:
-   id: const_length
    label: Const Length
    dtype: int
    default: '-1'

inputs:
-   domain: message
    id: in

outputs:
-   domain: message
    id: out

templates:
    imports: import dslwp
    make: dslwp.kiss_encode_pdu(${const_length})

file_format: 1
